// !$*UTF8*$!
{
	archiveVersion = 1;
	classes = {
	};
	objectVersion = 56;
	objects = {

/* Begin PBXBuildFile section */
		449419D2295837BD00B2EAEB /* OnBoardingView.swift in Sources */ = {isa = PBXBuildFile; fileRef = 449419D1295837BD00B2EAEB /* OnBoardingView.swift */; };
		A5467914294EF59300883CE6 /* ChefList.swift in Sources */ = {isa = PBXBuildFile; fileRef = A5467913294EF59300883CE6 /* ChefList.swift */; };
		A557759F294095AD001D9AE0 /* ChefAppApp.swift in Sources */ = {isa = PBXBuildFile; fileRef = A557759E294095AD001D9AE0 /* ChefAppApp.swift */; };
		A55775A1294095AD001D9AE0 /* ContentView.swift in Sources */ = {isa = PBXBuildFile; fileRef = A55775A0294095AD001D9AE0 /* ContentView.swift */; };
		A55775A3294095AE001D9AE0 /* Assets.xcassets in Resources */ = {isa = PBXBuildFile; fileRef = A55775A2294095AE001D9AE0 /* Assets.xcassets */; };
		A55775A7294095AE001D9AE0 /* Preview Assets.xcassets in Resources */ = {isa = PBXBuildFile; fileRef = A55775A6294095AE001D9AE0 /* Preview Assets.xcassets */; };
		A56E3A74295390BD00A57E8A /* Checkout 2.swift in Sources */ = {isa = PBXBuildFile; fileRef = A56E3A73295390BD00A57E8A /* Checkout 2.swift */; };
		A572CFEB29506CBE002EB2ED /* ChefModel.swift in Sources */ = {isa = PBXBuildFile; fileRef = A572CFEA29506CBE002EB2ED /* ChefModel.swift */; };
		A591D50929530160005CCBB5 /* MapModel.swift in Sources */ = {isa = PBXBuildFile; fileRef = A591D50829530160005CCBB5 /* MapModel.swift */; };
		A591D50C29530225005CCBB5 /* UserLocation.swift in Sources */ = {isa = PBXBuildFile; fileRef = A591D50B29530225005CCBB5 /* UserLocation.swift */; };
		A591D50E295302DA005CCBB5 /* Booking.swift in Sources */ = {isa = PBXBuildFile; fileRef = A591D50D295302DA005CCBB5 /* Booking.swift */; };
		A591D5102953037E005CCBB5 /* Order.swift in Sources */ = {isa = PBXBuildFile; fileRef = A591D50F2953037E005CCBB5 /* Order.swift */; };
		A591D51229530A44005CCBB5 /* HomePage.swift in Sources */ = {isa = PBXBuildFile; fileRef = A591D51129530A44005CCBB5 /* HomePage.swift */; };
		A591D51429530A4A005CCBB5 /* Card.swift in Sources */ = {isa = PBXBuildFile; fileRef = A591D51329530A4A005CCBB5 /* Card.swift */; };
		A591D51629530A4F005CCBB5 /* BotRespones.swift in Sources */ = {isa = PBXBuildFile; fileRef = A591D51529530A4F005CCBB5 /* BotRespones.swift */; };
		A591D51829530A55005CCBB5 /* ChatPage.swift in Sources */ = {isa = PBXBuildFile; fileRef = A591D51729530A55005CCBB5 /* ChatPage.swift */; };
		A591D51A29530A5B005CCBB5 /* ChatMain.swift in Sources */ = {isa = PBXBuildFile; fileRef = A591D51929530A5B005CCBB5 /* ChatMain.swift */; };
		A591D51C29530A61005CCBB5 /* Bar.swift in Sources */ = {isa = PBXBuildFile; fileRef = A591D51B29530A61005CCBB5 /* Bar.swift */; };
		A591D51E29530B47005CCBB5 /* Header.swift in Sources */ = {isa = PBXBuildFile; fileRef = A591D51D29530B47005CCBB5 /* Header.swift */; };
		A591D52029530B8A005CCBB5 /* TagButton.swift in Sources */ = {isa = PBXBuildFile; fileRef = A591D51F29530B8A005CCBB5 /* TagButton.swift */; };
		A591D52229530BBE005CCBB5 /* TagList.swift in Sources */ = {isa = PBXBuildFile; fileRef = A591D52129530BBE005CCBB5 /* TagList.swift */; };
		A591D52429530BFF005CCBB5 /* SectionView.swift in Sources */ = {isa = PBXBuildFile; fileRef = A591D52329530BFF005CCBB5 /* SectionView.swift */; };
		A591D52629530C3C005CCBB5 /* DetailView.swift in Sources */ = {isa = PBXBuildFile; fileRef = A591D52529530C3C005CCBB5 /* DetailView.swift */; };
		A591D52829530C9D005CCBB5 /* chefprot.swift in Sources */ = {isa = PBXBuildFile; fileRef = A591D52729530C9D005CCBB5 /* chefprot.swift */; };
		A591D52A29530CD6005CCBB5 /* userreviews.swift in Sources */ = {isa = PBXBuildFile; fileRef = A591D52929530CD6005CCBB5 /* userreviews.swift */; };
		A591D52C29530D09005CCBB5 /* Picker.swift in Sources */ = {isa = PBXBuildFile; fileRef = A591D52B29530D09005CCBB5 /* Picker.swift */; };
		A591D52E29530D39005CCBB5 /* rating.swift in Sources */ = {isa = PBXBuildFile; fileRef = A591D52D29530D39005CCBB5 /* rating.swift */; };
		A591D53029530D73005CCBB5 /* Custmoized.swift in Sources */ = {isa = PBXBuildFile; fileRef = A591D52F29530D73005CCBB5 /* Custmoized.swift */; };
		A591D5322953155B005CCBB5 /* Mnue.swift in Sources */ = {isa = PBXBuildFile; fileRef = A591D5312953155B005CCBB5 /* Mnue.swift */; };
		A591D534295315B7005CCBB5 /* Model.swift in Sources */ = {isa = PBXBuildFile; fileRef = A591D533295315B7005CCBB5 /* Model.swift */; };
		A591D53629531B3D005CCBB5 /* Splash.swift in Sources */ = {isa = PBXBuildFile; fileRef = A591D53529531B3D005CCBB5 /* Splash.swift */; };
		A591D53A29532299005CCBB5 /* Test2.swift in Sources */ = {isa = PBXBuildFile; fileRef = A591D53929532299005CCBB5 /* Test2.swift */; };
		A591D540295327B5005CCBB5 /* SignIn.swift in Sources */ = {isa = PBXBuildFile; fileRef = A591D53F295327B5005CCBB5 /* SignIn.swift */; };
		A591D54229532862005CCBB5 /* LogIn.swift in Sources */ = {isa = PBXBuildFile; fileRef = A591D54129532861005CCBB5 /* LogIn.swift */; };
		A591D54829532F0D005CCBB5 /* OnBoarding .swift in Sources */ = {isa = PBXBuildFile; fileRef = A591D54729532F0D005CCBB5 /* OnBoarding .swift */; };
		A591D54A29533135005CCBB5 /* Profile.swift in Sources */ = {isa = PBXBuildFile; fileRef = A591D54929533135005CCBB5 /* Profile.swift */; };
		A591D54C2953316C005CCBB5 /* Checkout.swift in Sources */ = {isa = PBXBuildFile; fileRef = A591D54B2953316C005CCBB5 /* Checkout.swift */; };
/* End PBXBuildFile section */

/* Begin PBXFileReference section */
		449419D1295837BD00B2EAEB /* OnBoardingView.swift */ = {isa = PBXFileReference; lastKnownFileType = sourcecode.swift; path = OnBoardingView.swift; sourceTree = "<group>"; };
		A5467913294EF59300883CE6 /* ChefList.swift */ = {isa = PBXFileReference; lastKnownFileType = sourcecode.swift; path = ChefList.swift; sourceTree = "<group>"; };
		A557759B294095AD001D9AE0 /* ChefApp.app */ = {isa = PBXFileReference; explicitFileType = wrapper.application; includeInIndex = 0; path = ChefApp.app; sourceTree = BUILT_PRODUCTS_DIR; };
		A557759E294095AD001D9AE0 /* ChefAppApp.swift */ = {isa = PBXFileReference; lastKnownFileType = sourcecode.swift; path = ChefAppApp.swift; sourceTree = "<group>"; };
		A55775A0294095AD001D9AE0 /* ContentView.swift */ = {isa = PBXFileReference; lastKnownFileType = sourcecode.swift; path = ContentView.swift; sourceTree = "<group>"; };
		A55775A2294095AE001D9AE0 /* Assets.xcassets */ = {isa = PBXFileReference; lastKnownFileType = folder.assetcatalog; path = Assets.xcassets; sourceTree = "<group>"; };
		A55775A4294095AE001D9AE0 /* ChefApp.entitlements */ = {isa = PBXFileReference; lastKnownFileType = text.plist.entitlements; path = ChefApp.entitlements; sourceTree = "<group>"; };
		A55775A6294095AE001D9AE0 /* Preview Assets.xcassets */ = {isa = PBXFileReference; lastKnownFileType = folder.assetcatalog; path = "Preview Assets.xcassets"; sourceTree = "<group>"; };
		A56E3A73295390BD00A57E8A /* Checkout 2.swift */ = {isa = PBXFileReference; fileEncoding = 4; lastKnownFileType = sourcecode.swift; path = "Checkout 2.swift"; sourceTree = "<group>"; };
		A572CFEA29506CBE002EB2ED /* ChefModel.swift */ = {isa = PBXFileReference; lastKnownFileType = sourcecode.swift; path = ChefModel.swift; sourceTree = "<group>"; };
		A591D50829530160005CCBB5 /* MapModel.swift */ = {isa = PBXFileReference; lastKnownFileType = sourcecode.swift; path = MapModel.swift; sourceTree = "<group>"; };
		A591D50A295301F5005CCBB5 /* Info.plist */ = {isa = PBXFileReference; lastKnownFileType = text.plist; path = Info.plist; sourceTree = "<group>"; };
		A591D50B29530225005CCBB5 /* UserLocation.swift */ = {isa = PBXFileReference; lastKnownFileType = sourcecode.swift; path = UserLocation.swift; sourceTree = "<group>"; };
		A591D50D295302DA005CCBB5 /* Booking.swift */ = {isa = PBXFileReference; lastKnownFileType = sourcecode.swift; path = Booking.swift; sourceTree = "<group>"; };
		A591D50F2953037E005CCBB5 /* Order.swift */ = {isa = PBXFileReference; lastKnownFileType = sourcecode.swift; path = Order.swift; sourceTree = "<group>"; };
		A591D51129530A44005CCBB5 /* HomePage.swift */ = {isa = PBXFileReference; fileEncoding = 4; lastKnownFileType = sourcecode.swift; path = HomePage.swift; sourceTree = "<group>"; };
		A591D51329530A4A005CCBB5 /* Card.swift */ = {isa = PBXFileReference; fileEncoding = 4; lastKnownFileType = sourcecode.swift; path = Card.swift; sourceTree = "<group>"; };
		A591D51529530A4F005CCBB5 /* BotRespones.swift */ = {isa = PBXFileReference; fileEncoding = 4; lastKnownFileType = sourcecode.swift; path = BotRespones.swift; sourceTree = "<group>"; };
		A591D51729530A55005CCBB5 /* ChatPage.swift */ = {isa = PBXFileReference; fileEncoding = 4; lastKnownFileType = sourcecode.swift; path = ChatPage.swift; sourceTree = "<group>"; };
		A591D51929530A5B005CCBB5 /* ChatMain.swift */ = {isa = PBXFileReference; fileEncoding = 4; lastKnownFileType = sourcecode.swift; path = ChatMain.swift; sourceTree = "<group>"; };
		A591D51B29530A61005CCBB5 /* Bar.swift */ = {isa = PBXFileReference; fileEncoding = 4; lastKnownFileType = sourcecode.swift; path = Bar.swift; sourceTree = "<group>"; };
		A591D51D29530B47005CCBB5 /* Header.swift */ = {isa = PBXFileReference; lastKnownFileType = sourcecode.swift; path = Header.swift; sourceTree = "<group>"; };
		A591D51F29530B8A005CCBB5 /* TagButton.swift */ = {isa = PBXFileReference; lastKnownFileType = sourcecode.swift; path = TagButton.swift; sourceTree = "<group>"; };
		A591D52129530BBE005CCBB5 /* TagList.swift */ = {isa = PBXFileReference; lastKnownFileType = sourcecode.swift; path = TagList.swift; sourceTree = "<group>"; };
		A591D52329530BFF005CCBB5 /* SectionView.swift */ = {isa = PBXFileReference; lastKnownFileType = sourcecode.swift; path = SectionView.swift; sourceTree = "<group>"; };
		A591D52529530C3C005CCBB5 /* DetailView.swift */ = {isa = PBXFileReference; lastKnownFileType = sourcecode.swift; path = DetailView.swift; sourceTree = "<group>"; };
		A591D52729530C9D005CCBB5 /* chefprot.swift */ = {isa = PBXFileReference; lastKnownFileType = sourcecode.swift; path = chefprot.swift; sourceTree = "<group>"; };
		A591D52929530CD6005CCBB5 /* userreviews.swift */ = {isa = PBXFileReference; lastKnownFileType = sourcecode.swift; path = userreviews.swift; sourceTree = "<group>"; };
		A591D52B29530D09005CCBB5 /* Picker.swift */ = {isa = PBXFileReference; lastKnownFileType = sourcecode.swift; path = Picker.swift; sourceTree = "<group>"; };
		A591D52D29530D39005CCBB5 /* rating.swift */ = {isa = PBXFileReference; lastKnownFileType = sourcecode.swift; path = rating.swift; sourceTree = "<group>"; };
		A591D52F29530D73005CCBB5 /* Custmoized.swift */ = {isa = PBXFileReference; lastKnownFileType = sourcecode.swift; path = Custmoized.swift; sourceTree = "<group>"; };
		A591D5312953155B005CCBB5 /* Mnue.swift */ = {isa = PBXFileReference; fileEncoding = 4; lastKnownFileType = sourcecode.swift; path = Mnue.swift; sourceTree = "<group>"; };
		A591D533295315B7005CCBB5 /* Model.swift */ = {isa = PBXFileReference; fileEncoding = 4; lastKnownFileType = sourcecode.swift; path = Model.swift; sourceTree = "<group>"; };
		A591D53529531B3D005CCBB5 /* Splash.swift */ = {isa = PBXFileReference; fileEncoding = 4; lastKnownFileType = sourcecode.swift; path = Splash.swift; sourceTree = "<group>"; };
		A591D53929532299005CCBB5 /* Test2.swift */ = {isa = PBXFileReference; fileEncoding = 4; lastKnownFileType = sourcecode.swift; path = Test2.swift; sourceTree = "<group>"; };
		A591D53F295327B5005CCBB5 /* SignIn.swift */ = {isa = PBXFileReference; fileEncoding = 4; lastKnownFileType = sourcecode.swift; path = SignIn.swift; sourceTree = "<group>"; };
		A591D54129532861005CCBB5 /* LogIn.swift */ = {isa = PBXFileReference; fileEncoding = 4; lastKnownFileType = sourcecode.swift; path = LogIn.swift; sourceTree = "<group>"; };
		A591D54729532F0D005CCBB5 /* OnBoarding .swift */ = {isa = PBXFileReference; fileEncoding = 4; lastKnownFileType = sourcecode.swift; path = "OnBoarding .swift"; sourceTree = "<group>"; };
		A591D54929533135005CCBB5 /* Profile.swift */ = {isa = PBXFileReference; fileEncoding = 4; lastKnownFileType = sourcecode.swift; path = Profile.swift; sourceTree = "<group>"; };
		A591D54B2953316C005CCBB5 /* Checkout.swift */ = {isa = PBXFileReference; fileEncoding = 4; lastKnownFileType = sourcecode.swift; path = Checkout.swift; sourceTree = "<group>"; };
/* End PBXFileReference section */

/* Begin PBXFrameworksBuildPhase section */
		A5577598294095AD001D9AE0 /* Frameworks */ = {
			isa = PBXFrameworksBuildPhase;
			buildActionMask = 2147483647;
			files = (
			);
			runOnlyForDeploymentPostprocessing = 0;
		};
/* End PBXFrameworksBuildPhase section */

/* Begin PBXGroup section */
		A5577592294095AD001D9AE0 = {
			isa = PBXGroup;
			children = (
				A557759D294095AD001D9AE0 /* ChefApp */,
				A557759C294095AD001D9AE0 /* Products */,
			);
			sourceTree = "<group>";
		};
		A557759C294095AD001D9AE0 /* Products */ = {
			isa = PBXGroup;
			children = (
				A557759B294095AD001D9AE0 /* ChefApp.app */,
			);
			name = Products;
			sourceTree = "<group>";
		};
		A557759D294095AD001D9AE0 /* ChefApp */ = {
			isa = PBXGroup;
			children = (
				A591D50A295301F5005CCBB5 /* Info.plist */,
				A5467913294EF59300883CE6 /* ChefList.swift */,
				A557759E294095AD001D9AE0 /* ChefAppApp.swift */,
				A55775A0294095AD001D9AE0 /* ContentView.swift */,
				A572CFEA29506CBE002EB2ED /* ChefModel.swift */,
				A591D50B29530225005CCBB5 /* UserLocation.swift */,
				A591D50F2953037E005CCBB5 /* Order.swift */,
				A591D50D295302DA005CCBB5 /* Booking.swift */,
				A591D50829530160005CCBB5 /* MapModel.swift */,
				A591D51129530A44005CCBB5 /* HomePage.swift */,
				A591D54929533135005CCBB5 /* Profile.swift */,
				A591D51329530A4A005CCBB5 /* Card.swift */,
				A591D51529530A4F005CCBB5 /* BotRespones.swift */,
				A591D54B2953316C005CCBB5 /* Checkout.swift */,
				A56E3A73295390BD00A57E8A /* Checkout 2.swift */,
				A591D54729532F0D005CCBB5 /* OnBoarding .swift */,
				A591D53F295327B5005CCBB5 /* SignIn.swift */,
				A591D51729530A55005CCBB5 /* ChatPage.swift */,
				A591D51929530A5B005CCBB5 /* ChatMain.swift */,
				A591D5312953155B005CCBB5 /* Mnue.swift */,
				A591D54129532861005CCBB5 /* LogIn.swift */,
				449419D1295837BD00B2EAEB /* OnBoardingView.swift */,
				A591D51B29530A61005CCBB5 /* Bar.swift */,
				A591D51D29530B47005CCBB5 /* Header.swift */,
				A591D533295315B7005CCBB5 /* Model.swift */,
				A591D51F29530B8A005CCBB5 /* TagButton.swift */,
				A591D52129530BBE005CCBB5 /* TagList.swift */,
				A591D52329530BFF005CCBB5 /* SectionView.swift */,
				A591D53529531B3D005CCBB5 /* Splash.swift */,
				A591D53929532299005CCBB5 /* Test2.swift */,
				A591D52529530C3C005CCBB5 /* DetailView.swift */,
				A591D52729530C9D005CCBB5 /* chefprot.swift */,
				A591D52929530CD6005CCBB5 /* userreviews.swift */,
				A591D52B29530D09005CCBB5 /* Picker.swift */,
				A591D52D29530D39005CCBB5 /* rating.swift */,
				A591D52F29530D73005CCBB5 /* Custmoized.swift */,
				A55775A2294095AE001D9AE0 /* Assets.xcassets */,
				A55775A4294095AE001D9AE0 /* ChefApp.entitlements */,
				A55775A5294095AE001D9AE0 /* Preview Content */,
			);
			path = ChefApp;
			sourceTree = "<group>";
		};
		A55775A5294095AE001D9AE0 /* Preview Content */ = {
			isa = PBXGroup;
			children = (
				A55775A6294095AE001D9AE0 /* Preview Assets.xcassets */,
			);
			path = "Preview Content";
			sourceTree = "<group>";
		};
/* End PBXGroup section */

/* Begin PBXNativeTarget section */
		A557759A294095AD001D9AE0 /* ChefApp */ = {
			isa = PBXNativeTarget;
			buildConfigurationList = A55775AA294095AE001D9AE0 /* Build configuration list for PBXNativeTarget "ChefApp" */;
			buildPhases = (
				A5577597294095AD001D9AE0 /* Sources */,
				A5577598294095AD001D9AE0 /* Frameworks */,
				A5577599294095AD001D9AE0 /* Resources */,
			);
			buildRules = (
			);
			dependencies = (
			);
			name = ChefApp;
			productName = ChefApp;
			productReference = A557759B294095AD001D9AE0 /* ChefApp.app */;
			productType = "com.apple.product-type.application";
		};
/* End PBXNativeTarget section */

/* Begin PBXProject section */
		A5577593294095AD001D9AE0 /* Project object */ = {
			isa = PBXProject;
			attributes = {
				BuildIndependentTargetsInParallel = 1;
				LastSwiftUpdateCheck = 1410;
				LastUpgradeCheck = 1420;
				TargetAttributes = {
					A557759A294095AD001D9AE0 = {
						CreatedOnToolsVersion = 14.1;
					};
				};
			};
			buildConfigurationList = A5577596294095AD001D9AE0 /* Build configuration list for PBXProject "ChefApp" */;
			compatibilityVersion = "Xcode 14.0";
			developmentRegion = en;
			hasScannedForEncodings = 0;
			knownRegions = (
				en,
				Base,
			);
			mainGroup = A5577592294095AD001D9AE0;
			productRefGroup = A557759C294095AD001D9AE0 /* Products */;
			projectDirPath = "";
			projectRoot = "";
			targets = (
				A557759A294095AD001D9AE0 /* ChefApp */,
			);
		};
/* End PBXProject section */

/* Begin PBXResourcesBuildPhase section */
		A5577599294095AD001D9AE0 /* Resources */ = {
			isa = PBXResourcesBuildPhase;
			buildActionMask = 2147483647;
			files = (
				A55775A7294095AE001D9AE0 /* Preview Assets.xcassets in Resources */,
				A55775A3294095AE001D9AE0 /* Assets.xcassets in Resources */,
			);
			runOnlyForDeploymentPostprocessing = 0;
		};
/* End PBXResourcesBuildPhase section */

/* Begin PBXSourcesBuildPhase section */
		A5577597294095AD001D9AE0 /* Sources */ = {
			isa = PBXSourcesBuildPhase;
			buildActionMask = 2147483647;
			files = (
				A591D52229530BBE005CCBB5 /* TagList.swift in Sources */,
				A591D53A29532299005CCBB5 /* Test2.swift in Sources */,
				A591D50E295302DA005CCBB5 /* Booking.swift in Sources */,
				A591D53029530D73005CCBB5 /* Custmoized.swift in Sources */,
				A591D52429530BFF005CCBB5 /* SectionView.swift in Sources */,
				A591D51C29530A61005CCBB5 /* Bar.swift in Sources */,
				A56E3A74295390BD00A57E8A /* Checkout 2.swift in Sources */,
				A591D52A29530CD6005CCBB5 /* userreviews.swift in Sources */,
				A591D52829530C9D005CCBB5 /* chefprot.swift in Sources */,
				A591D52029530B8A005CCBB5 /* TagButton.swift in Sources */,
				A591D51229530A44005CCBB5 /* HomePage.swift in Sources */,
				A591D51829530A55005CCBB5 /* ChatPage.swift in Sources */,
				A55775A1294095AD001D9AE0 /* ContentView.swift in Sources */,
				A591D5102953037E005CCBB5 /* Order.swift in Sources */,
				A572CFEB29506CBE002EB2ED /* ChefModel.swift in Sources */,
				A591D54829532F0D005CCBB5 /* OnBoarding .swift in Sources */,
				A591D53629531B3D005CCBB5 /* Splash.swift in Sources */,
				A591D540295327B5005CCBB5 /* SignIn.swift in Sources */,
				A591D51A29530A5B005CCBB5 /* ChatMain.swift in Sources */,
				A591D54A29533135005CCBB5 /* Profile.swift in Sources */,
				A557759F294095AD001D9AE0 /* ChefAppApp.swift in Sources */,
				A591D54C2953316C005CCBB5 /* Checkout.swift in Sources */,
				A591D51629530A4F005CCBB5 /* BotRespones.swift in Sources */,
				449419D2295837BD00B2EAEB /* OnBoardingView.swift in Sources */,
				A591D52E29530D39005CCBB5 /* rating.swift in Sources */,
				A591D51E29530B47005CCBB5 /* Header.swift in Sources */,
				A591D50929530160005CCBB5 /* MapModel.swift in Sources */,
				A591D534295315B7005CCBB5 /* Model.swift in Sources */,
				A591D51429530A4A005CCBB5 /* Card.swift in Sources */,
				A591D52629530C3C005CCBB5 /* DetailView.swift in Sources */,
				A591D54229532862005CCBB5 /* LogIn.swift in Sources */,
				A591D5322953155B005CCBB5 /* Mnue.swift in Sources */,
				A591D50C29530225005CCBB5 /* UserLocation.swift in Sources */,
				A5467914294EF59300883CE6 /* ChefList.swift in Sources */,
				A591D52C29530D09005CCBB5 /* Picker.swift in Sources */,
			);
			runOnlyForDeploymentPostprocessing = 0;
		};
/* End PBXSourcesBuildPhase section */

/* Begin XCBuildConfiguration section */
		A55775A8294095AE001D9AE0 /* Debug */ = {
			isa = XCBuildConfiguration;
			buildSettings = {
				ALWAYS_SEARCH_USER_PATHS = NO;
				CLANG_ANALYZER_NONNULL = YES;
				CLANG_ANALYZER_NUMBER_OBJECT_CONVERSION = YES_AGGRESSIVE;
				CLANG_CXX_LANGUAGE_STANDARD = "gnu++20";
				CLANG_ENABLE_MODULES = YES;
				CLANG_ENABLE_OBJC_ARC = YES;
				CLANG_ENABLE_OBJC_WEAK = YES;
				CLANG_WARN_BLOCK_CAPTURE_AUTORELEASING = YES;
				CLANG_WARN_BOOL_CONVERSION = YES;
				CLANG_WARN_COMMA = YES;
				CLANG_WARN_CONSTANT_CONVERSION = YES;
				CLANG_WARN_DEPRECATED_OBJC_IMPLEMENTATIONS = YES;
				CLANG_WARN_DIRECT_OBJC_ISA_USAGE = YES_ERROR;
				CLANG_WARN_DOCUMENTATION_COMMENTS = YES;
				CLANG_WARN_EMPTY_BODY = YES;
				CLANG_WARN_ENUM_CONVERSION = YES;
				CLANG_WARN_INFINITE_RECURSION = YES;
				CLANG_WARN_INT_CONVERSION = YES;
				CLANG_WARN_NON_LITERAL_NULL_CONVERSION = YES;
				CLANG_WARN_OBJC_IMPLICIT_RETAIN_SELF = YES;
				CLANG_WARN_OBJC_LITERAL_CONVERSION = YES;
				CLANG_WARN_OBJC_ROOT_CLASS = YES_ERROR;
				CLANG_WARN_QUOTED_INCLUDE_IN_FRAMEWORK_HEADER = YES;
				CLANG_WARN_RANGE_LOOP_ANALYSIS = YES;
				CLANG_WARN_STRICT_PROTOTYPES = YES;
				CLANG_WARN_SUSPICIOUS_MOVE = YES;
				CLANG_WARN_UNGUARDED_AVAILABILITY = YES_AGGRESSIVE;
				CLANG_WARN_UNREACHABLE_CODE = YES;
				CLANG_WARN__DUPLICATE_METHOD_MATCH = YES;
				COPY_PHASE_STRIP = NO;
				DEAD_CODE_STRIPPING = YES;
				DEBUG_INFORMATION_FORMAT = dwarf;
				ENABLE_STRICT_OBJC_MSGSEND = YES;
				ENABLE_TESTABILITY = YES;
				GCC_C_LANGUAGE_STANDARD = gnu11;
				GCC_DYNAMIC_NO_PIC = NO;
				GCC_NO_COMMON_BLOCKS = YES;
				GCC_OPTIMIZATION_LEVEL = 0;
				GCC_PREPROCESSOR_DEFINITIONS = (
					"DEBUG=1",
					"$(inherited)",
				);
				GCC_WARN_64_TO_32_BIT_CONVERSION = YES;
				GCC_WARN_ABOUT_RETURN_TYPE = YES_ERROR;
				GCC_WARN_UNDECLARED_SELECTOR = YES;
				GCC_WARN_UNINITIALIZED_AUTOS = YES_AGGRESSIVE;
				GCC_WARN_UNUSED_FUNCTION = YES;
				GCC_WARN_UNUSED_VARIABLE = YES;
				MTL_ENABLE_DEBUG_INFO = INCLUDE_SOURCE;
				MTL_FAST_MATH = YES;
				ONLY_ACTIVE_ARCH = YES;
				SWIFT_ACTIVE_COMPILATION_CONDITIONS = DEBUG;
				SWIFT_OPTIMIZATION_LEVEL = "-Onone";
			};
			name = Debug;
		};
		A55775A9294095AE001D9AE0 /* Release */ = {
			isa = XCBuildConfiguration;
			buildSettings = {
				ALWAYS_SEARCH_USER_PATHS = NO;
				CLANG_ANALYZER_NONNULL = YES;
				CLANG_ANALYZER_NUMBER_OBJECT_CONVERSION = YES_AGGRESSIVE;
				CLANG_CXX_LANGUAGE_STANDARD = "gnu++20";
				CLANG_ENABLE_MODULES = YES;
				CLANG_ENABLE_OBJC_ARC = YES;
				CLANG_ENABLE_OBJC_WEAK = YES;
				CLANG_WARN_BLOCK_CAPTURE_AUTORELEASING = YES;
				CLANG_WARN_BOOL_CONVERSION = YES;
				CLANG_WARN_COMMA = YES;
				CLANG_WARN_CONSTANT_CONVERSION = YES;
				CLANG_WARN_DEPRECATED_OBJC_IMPLEMENTATIONS = YES;
				CLANG_WARN_DIRECT_OBJC_ISA_USAGE = YES_ERROR;
				CLANG_WARN_DOCUMENTATION_COMMENTS = YES;
				CLANG_WARN_EMPTY_BODY = YES;
				CLANG_WARN_ENUM_CONVERSION = YES;
				CLANG_WARN_INFINITE_RECURSION = YES;
				CLANG_WARN_INT_CONVERSION = YES;
				CLANG_WARN_NON_LITERAL_NULL_CONVERSION = YES;
				CLANG_WARN_OBJC_IMPLICIT_RETAIN_SELF = YES;
				CLANG_WARN_OBJC_LITERAL_CONVERSION = YES;
				CLANG_WARN_OBJC_ROOT_CLASS = YES_ERROR;
				CLANG_WARN_QUOTED_INCLUDE_IN_FRAMEWORK_HEADER = YES;
				CLANG_WARN_RANGE_LOOP_ANALYSIS = YES;
				CLANG_WARN_STRICT_PROTOTYPES = YES;
				CLANG_WARN_SUSPICIOUS_MOVE = YES;
				CLANG_WARN_UNGUARDED_AVAILABILITY = YES_AGGRESSIVE;
				CLANG_WARN_UNREACHABLE_CODE = YES;
				CLANG_WARN__DUPLICATE_METHOD_MATCH = YES;
				COPY_PHASE_STRIP = NO;
				DEAD_CODE_STRIPPING = YES;
				DEBUG_INFORMATION_FORMAT = "dwarf-with-dsym";
				ENABLE_NS_ASSERTIONS = NO;
				ENABLE_STRICT_OBJC_MSGSEND = YES;
				GCC_C_LANGUAGE_STANDARD = gnu11;
				GCC_NO_COMMON_BLOCKS = YES;
				GCC_WARN_64_TO_32_BIT_CONVERSION = YES;
				GCC_WARN_ABOUT_RETURN_TYPE = YES_ERROR;
				GCC_WARN_UNDECLARED_SELECTOR = YES;
				GCC_WARN_UNINITIALIZED_AUTOS = YES_AGGRESSIVE;
				GCC_WARN_UNUSED_FUNCTION = YES;
				GCC_WARN_UNUSED_VARIABLE = YES;
				MTL_ENABLE_DEBUG_INFO = NO;
				MTL_FAST_MATH = YES;
				SWIFT_COMPILATION_MODE = wholemodule;
				SWIFT_OPTIMIZATION_LEVEL = "-O";
			};
			name = Release;
		};
		A55775AB294095AE001D9AE0 /* Debug */ = {
			isa = XCBuildConfiguration;
			buildSettings = {
				ASSETCATALOG_COMPILER_APPICON_NAME = AppIcon;
				ASSETCATALOG_COMPILER_GLOBAL_ACCENT_COLOR_NAME = AccentColor;
				CODE_SIGN_ENTITLEMENTS = ChefApp/ChefApp.entitlements;
				CODE_SIGN_IDENTITY = "-";
				"CODE_SIGN_IDENTITY[sdk=iphoneos*]" = "Apple Development";
				"CODE_SIGN_IDENTITY[sdk=macosx*]" = "Apple Development";
				CODE_SIGN_STYLE = Automatic;
				CURRENT_PROJECT_VERSION = 1;
				DEAD_CODE_STRIPPING = YES;
				DEVELOPMENT_ASSET_PATHS = "\"ChefApp/Preview Content\"";
				DEVELOPMENT_TEAM = X5NV3GTA2R;
				ENABLE_HARDENED_RUNTIME = YES;
				ENABLE_PREVIEWS = YES;
				GENERATE_INFOPLIST_FILE = YES;
				INFOPLIST_FILE = ChefApp/Info.plist;
				INFOPLIST_KEY_CFBundleDisplayName = Gourmet;
				"INFOPLIST_KEY_UIApplicationSceneManifest_Generation[sdk=iphoneos*]" = YES;
				"INFOPLIST_KEY_UIApplicationSceneManifest_Generation[sdk=iphonesimulator*]" = YES;
				"INFOPLIST_KEY_UIApplicationSupportsIndirectInputEvents[sdk=iphoneos*]" = YES;
				"INFOPLIST_KEY_UIApplicationSupportsIndirectInputEvents[sdk=iphonesimulator*]" = YES;
				"INFOPLIST_KEY_UILaunchScreen_Generation[sdk=iphoneos*]" = YES;
				"INFOPLIST_KEY_UILaunchScreen_Generation[sdk=iphonesimulator*]" = YES;
				"INFOPLIST_KEY_UIStatusBarStyle[sdk=iphoneos*]" = UIStatusBarStyleDefault;
				"INFOPLIST_KEY_UIStatusBarStyle[sdk=iphonesimulator*]" = UIStatusBarStyleDefault;
				INFOPLIST_KEY_UISupportedInterfaceOrientations_iPad = "UIInterfaceOrientationPortrait UIInterfaceOrientationPortraitUpsideDown UIInterfaceOrientationLandscapeLeft UIInterfaceOrientationLandscapeRight";
				INFOPLIST_KEY_UISupportedInterfaceOrientations_iPhone = "UIInterfaceOrientationPortrait UIInterfaceOrientationLandscapeLeft UIInterfaceOrientationLandscapeRight";
				IPHONEOS_DEPLOYMENT_TARGET = 16.1;
				LD_RUNPATH_SEARCH_PATHS = "@executable_path/Frameworks";
				"LD_RUNPATH_SEARCH_PATHS[sdk=macosx*]" = "@executable_path/../Frameworks";
				MACOSX_DEPLOYMENT_TARGET = 13.0;
				MARKETING_VERSION = 1.0;
				PRODUCT_BUNDLE_IDENTIFIER = twq.ChefApp;
				PRODUCT_NAME = "$(TARGET_NAME)";
				SDKROOT = auto;
				SUPPORTED_PLATFORMS = "iphoneos iphonesimulator macosx";
				SWIFT_EMIT_LOC_STRINGS = YES;
				SWIFT_VERSION = 5.0;
				TARGETED_DEVICE_FAMILY = "1,2";
			};
			name = Debug;
		};
		A55775AC294095AE001D9AE0 /* Release */ = {
			isa = XCBuildConfiguration;
			buildSettings = {
				ASSETCATALOG_COMPILER_APPICON_NAME = AppIcon;
				ASSETCATALOG_COMPILER_GLOBAL_ACCENT_COLOR_NAME = AccentColor;
				CODE_SIGN_ENTITLEMENTS = ChefApp/ChefApp.entitlements;
				CODE_SIGN_IDENTITY = "-";
				"CODE_SIGN_IDENTITY[sdk=iphoneos*]" = "Apple Development";
				"CODE_SIGN_IDENTITY[sdk=macosx*]" = "Apple Development";
				CODE_SIGN_STYLE = Automatic;
				CURRENT_PROJECT_VERSION = 1;
				DEAD_CODE_STRIPPING = YES;
				DEVELOPMENT_ASSET_PATHS = "\"ChefApp/Preview Content\"";
				DEVELOPMENT_TEAM = X5NV3GTA2R;
				ENABLE_HARDENED_RUNTIME = YES;
				ENABLE_PREVIEWS = YES;
				GENERATE_INFOPLIST_FILE = YES;
				INFOPLIST_FILE = ChefApp/Info.plist;
				INFOPLIST_KEY_CFBundleDisplayName = Gourmet;
				"INFOPLIST_KEY_UIApplicationSceneManifest_Generation[sdk=iphoneos*]" = YES;
				"INFOPLIST_KEY_UIApplicationSceneManifest_Generation[sdk=iphonesimulator*]" = YES;
				"INFOPLIST_KEY_UIApplicationSupportsIndirectInputEvents[sdk=iphoneos*]" = YES;
				"INFOPLIST_KEY_UIApplicationSupportsIndirectInputEvents[sdk=iphonesimulator*]" = YES;
				"INFOPLIST_KEY_UILaunchScreen_Generation[sdk=iphoneos*]" = YES;
				"INFOPLIST_KEY_UILaunchScreen_Generation[sdk=iphonesimulator*]" = YES;
				"INFOPLIST_KEY_UIStatusBarStyle[sdk=iphoneos*]" = UIStatusBarStyleDefault;
				"INFOPLIST_KEY_UIStatusBarStyle[sdk=iphonesimulator*]" = UIStatusBarStyleDefault;
				INFOPLIST_KEY_UISupportedInterfaceOrientations_iPad = "UIInterfaceOrientationPortrait UIInterfaceOrientationPortraitUpsideDown UIInterfaceOrientationLandscapeLeft UIInterfaceOrientationLandscapeRight";
				INFOPLIST_KEY_UISupportedInterfaceOrientations_iPhone = "UIInterfaceOrientationPortrait UIInterfaceOrientationLandscapeLeft UIInterfaceOrientationLandscapeRight";
				IPHONEOS_DEPLOYMENT_TARGET = 16.1;
				LD_RUNPATH_SEARCH_PATHS = "@executable_path/Frameworks";
				"LD_RUNPATH_SEARCH_PATHS[sdk=macosx*]" = "@executable_path/../Frameworks";
				MACOSX_DEPLOYMENT_TARGET = 13.0;
				MARKETING_VERSION = 1.0;
				PRODUCT_BUNDLE_IDENTIFIER = twq.ChefApp;
				PRODUCT_NAME = "$(TARGET_NAME)";
				SDKROOT = auto;
				SUPPORTED_PLATFORMS = "iphoneos iphonesimulator macosx";
				SWIFT_EMIT_LOC_STRINGS = YES;
				SWIFT_VERSION = 5.0;
				TARGETED_DEVICE_FAMILY = "1,2";
			};
			name = Release;
		};
/* End XCBuildConfiguration section */

/* Begin XCConfigurationList section */
		A5577596294095AD001D9AE0 /* Build configuration list for PBXProject "ChefApp" */ = {
			isa = XCConfigurationList;
			buildConfigurations = (
				A55775A8294095AE001D9AE0 /* Debug */,
				A55775A9294095AE001D9AE0 /* Release */,
			);
			defaultConfigurationIsVisible = 0;
			defaultConfigurationName = Release;
		};
		A55775AA294095AE001D9AE0 /* Build configuration list for PBXNativeTarget "ChefApp" */ = {
			isa = XCConfigurationList;
			buildConfigurations = (
				A55775AB294095AE001D9AE0 /* Debug */,
				A55775AC294095AE001D9AE0 /* Release */,
			);
			defaultConfigurationIsVisible = 0;
			defaultConfigurationName = Release;
		};
/* End XCConfigurationList section */
	};
	rootObject = A5577593294095AD001D9AE0 /* Project object */;
}
